
Microsoft Visual Studio Solution File, Format Version 12.00
# Visual Studio 15
VisualStudioVersion = 15.0.35213.121
MinimumVisualStudioVersion = 10.0.40219.1
Project("{FAE04EC0-301F-11D3-BF4B-00C04F79EFBC}") = "6.H_Enum_1", "6.H_Enum_1\6.H_Enum_1.csproj", "{9674A343-04E6-47AE-A7F4-5DE007134814}"
EndProject
Global
	GlobalSection(SolutionConfigurationPlatforms) = preSolution
		Debug|Any CPU = Debug|Any CPU
		Release|Any CPU = Release|Any CPU
	EndGlobalSection
	GlobalSection(ProjectConfigurationPlatforms) = postSolution
		{9674A343-04E6-47AE-A7F4-5DE007134814}.Debug|Any CPU.ActiveCfg = Debug|Any CPU
		{9674A343-04E6-47AE-A7F4-5DE007134814}.Debug|Any CPU.Build.0 = Debug|Any CPU
		{9674A343-04E6-47AE-A7F4-5DE007134814}.Release|Any CPU.ActiveCfg = Release|Any CPU
		{9674A343-04E6-47AE-A7F4-5DE007134814}.Release|Any CPU.Build.0 = Release|Any CPU
	EndGlobalSection
	GlobalSection(SolutionProperties) = preSolution
		HideSolutionNode = FALSE
	EndGlobalSection
	GlobalSection(ExtensibilityGlobals) = postSolution
		SolutionGuid = {B5E349E2-1119-4D27-952B-AA357C57F93F}
	EndGlobalSection
EndGlobal
