
Microsoft Visual Studio Solution File, Format Version 12.00
# Visual Studio 15
VisualStudioVersion = 15.0.35213.121
MinimumVisualStudioVersion = 10.0.40219.1
Project("{FAE04EC0-301F-11D3-BF4B-00C04F79EFBC}") = "6.H_Overloading_1", "6.H_Overloading_1\6.H_Overloading_1.csproj", "{52C86073-BB04-4331-8FC4-E3A50D913469}"
EndProject
Global
	GlobalSection(SolutionConfigurationPlatforms) = preSolution
		Debug|Any CPU = Debug|Any CPU
		Release|Any CPU = Release|Any CPU
	EndGlobalSection
	GlobalSection(ProjectConfigurationPlatforms) = postSolution
		{52C86073-BB04-4331-8FC4-E3A50D913469}.Debug|Any CPU.ActiveCfg = Debug|Any CPU
		{52C86073-BB04-4331-8FC4-E3A50D913469}.Debug|Any CPU.Build.0 = Debug|Any CPU
		{52C86073-BB04-4331-8FC4-E3A50D913469}.Release|Any CPU.ActiveCfg = Release|Any CPU
		{52C86073-BB04-4331-8FC4-E3A50D913469}.Release|Any CPU.Build.0 = Release|Any CPU
	EndGlobalSection
	GlobalSection(SolutionProperties) = preSolution
		HideSolutionNode = FALSE
	EndGlobalSection
	GlobalSection(ExtensibilityGlobals) = postSolution
		SolutionGuid = {9BF02DAA-2979-4838-865F-470A37E1B090}
	EndGlobalSection
EndGlobal
